// !$*UTF8*$!
{
	archiveVersion = 1;
	classes = {
	};
	objectVersion = 48;
	objects = {

/* Begin PBXBuildFile section */
		8772F20D1FE2165500839331 /* AppDelegate.m in Sources */ = {isa = PBXBuildFile; fileRef = 8772F20C1FE2165500839331 /* AppDelegate.m */; };
		8772F2101FE2165500839331 /* ViewController.m in Sources */ = {isa = PBXBuildFile; fileRef = 8772F20F1FE2165500839331 /* ViewController.m */; };
		8772F2131FE2165500839331 /* Main.storyboard in Resources */ = {isa = PBXBuildFile; fileRef = 8772F2111FE2165500839331 /* Main.storyboard */; };
		8772F2151FE2165500839331 /* Assets.xcassets in Resources */ = {isa = PBXBuildFile; fileRef = 8772F2141FE2165500839331 /* Assets.xcassets */; };
		8772F2181FE2165500839331 /* LaunchScreen.storyboard in Resources */ = {isa = PBXBuildFile; fileRef = 8772F2161FE2165500839331 /* LaunchScreen.storyboard */; };
		8772F21B1FE2165500839331 /* main.m in Sources */ = {isa = PBXBuildFile; fileRef = 8772F21A1FE2165500839331 /* main.m */; };
		8772F2251FE2165500839331 /* ZOSSFileUploaderUITests.m in Sources */ = {isa = PBXBuildFile; fileRef = 8772F2241FE2165500839331 /* ZOSSFileUploaderUITests.m */; };
		8772F2301FE2167700839331 /* AliyunOSSiOS.framework in Frameworks */ = {isa = PBXBuildFile; fileRef = 8772F22F1FE2167700839331 /* AliyunOSSiOS.framework */; };
		8772F2331FE2177000839331 /* ZOSSFileUploader.m in Sources */ = {isa = PBXBuildFile; fileRef = 8772F2321FE2177000839331 /* ZOSSFileUploader.m */; };
		8772F2361FE217EE00839331 /* image.jpg in Resources */ = {isa = PBXBuildFile; fileRef = 8772F2351FE217EE00839331 /* image.jpg */; };
		8772F23B1FE2190C00839331 /* libresolv.9.tbd in Frameworks */ = {isa = PBXBuildFile; fileRef = 8772F23A1FE2190300839331 /* libresolv.9.tbd */; };
		8772F2411FE2198D00839331 /* SystemConfiguration.framework in Frameworks */ = {isa = PBXBuildFile; fileRef = 8772F2401FE2198400839331 /* SystemConfiguration.framework */; };
		8772F2421FE21AA100839331 /* guoxinantai.mp4 in Resources */ = {isa = PBXBuildFile; fileRef = 8772F2341FE217EA00839331 /* guoxinantai.mp4 */; };
/* End PBXBuildFile section */

/* Begin PBXContainerItemProxy section */
		8772F2211FE2165500839331 /* PBXContainerItemProxy */ = {
			isa = PBXContainerItemProxy;
			containerPortal = 8772F2001FE2165500839331 /* Project object */;
			proxyType = 1;
			remoteGlobalIDString = 8772F2071FE2165500839331;
			remoteInfo = ZOSSFileUploader;
		};
/* End PBXContainerItemProxy section */

/* Begin PBXFileReference section */
		8772F2081FE2165500839331 /* ZOSSFileUploader.app */ = {isa = PBXFileReference; explicitFileType = wrapper.application; includeInIndex = 0; path = ZOSSFileUploader.app; sourceTree = BUILT_PRODUCTS_DIR; };
		8772F20B1FE2165500839331 /* AppDelegate.h */ = {isa = PBXFileReference; lastKnownFileType = sourcecode.c.h; path = AppDelegate.h; sourceTree = "<group>"; };
		8772F20C1FE2165500839331 /* AppDelegate.m */ = {isa = PBXFileReference; lastKnownFileType = sourcecode.c.objc; path = AppDelegate.m; sourceTree = "<group>"; };
		8772F20E1FE2165500839331 /* ViewController.h */ = {isa = PBXFileReference; lastKnownFileType = sourcecode.c.h; path = ViewController.h; sourceTree = "<group>"; };
		8772F20F1FE2165500839331 /* ViewController.m */ = {isa = PBXFileReference; lastKnownFileType = sourcecode.c.objc; path = ViewController.m; sourceTree = "<group>"; };
		8772F2121FE2165500839331 /* Base */ = {isa = PBXFileReference; lastKnownFileType = file.storyboard; name = Base; path = Base.lproj/Main.storyboard; sourceTree = "<group>"; };
		8772F2141FE2165500839331 /* Assets.xcassets */ = {isa = PBXFileReference; lastKnownFileType = folder.assetcatalog; path = Assets.xcassets; sourceTree = "<group>"; };
		8772F2171FE2165500839331 /* Base */ = {isa = PBXFileReference; lastKnownFileType = file.storyboard; name = Base; path = Base.lproj/LaunchScreen.storyboard; sourceTree = "<group>"; };
		8772F2191FE2165500839331 /* Info.plist */ = {isa = PBXFileReference; lastKnownFileType = text.plist.xml; path = Info.plist; sourceTree = "<group>"; };
		8772F21A1FE2165500839331 /* main.m */ = {isa = PBXFileReference; lastKnownFileType = sourcecode.c.objc; path = main.m; sourceTree = "<group>"; };
		8772F2201FE2165500839331 /* ZOSSFileUploaderUITests.xctest */ = {isa = PBXFileReference; explicitFileType = wrapper.cfbundle; includeInIndex = 0; path = ZOSSFileUploaderUITests.xctest; sourceTree = BUILT_PRODUCTS_DIR; };
		8772F2241FE2165500839331 /* ZOSSFileUploaderUITests.m */ = {isa = PBXFileReference; lastKnownFileType = sourcecode.c.objc; path = ZOSSFileUploaderUITests.m; sourceTree = "<group>"; };
		8772F2261FE2165500839331 /* Info.plist */ = {isa = PBXFileReference; lastKnownFileType = text.plist.xml; path = Info.plist; sourceTree = "<group>"; };
		8772F22F1FE2167700839331 /* AliyunOSSiOS.framework */ = {isa = PBXFileReference; lastKnownFileType = wrapper.framework; path = AliyunOSSiOS.framework; sourceTree = "<group>"; };
		8772F2311FE2177000839331 /* ZOSSFileUploader.h */ = {isa = PBXFileReference; lastKnownFileType = sourcecode.c.h; path = ZOSSFileUploader.h; sourceTree = SOURCE_ROOT; };
		8772F2321FE2177000839331 /* ZOSSFileUploader.m */ = {isa = PBXFileReference; lastKnownFileType = sourcecode.c.objc; path = ZOSSFileUploader.m; sourceTree = SOURCE_ROOT; };
		8772F2341FE217EA00839331 /* guoxinantai.mp4 */ = {isa = PBXFileReference; lastKnownFileType = file; path = guoxinantai.mp4; sourceTree = "<group>"; };
		8772F2351FE217EE00839331 /* image.jpg */ = {isa = PBXFileReference; lastKnownFileType = image.jpeg; path = image.jpg; sourceTree = "<group>"; };
		8772F23A1FE2190300839331 /* libresolv.9.tbd */ = {isa = PBXFileReference; lastKnownFileType = "sourcecode.text-based-dylib-definition"; name = libresolv.9.tbd; path = usr/lib/libresolv.9.tbd; sourceTree = SDKROOT; };
		8772F23C1FE2191C00839331 /* CFNetwork.framework */ = {isa = PBXFileReference; lastKnownFileType = wrapper.framework; name = CFNetwork.framework; path = System/Library/Frameworks/CFNetwork.framework; sourceTree = SDKROOT; };
		8772F23E1FE2193F00839331 /* NetworkExtension.framework */ = {isa = PBXFileReference; lastKnownFileType = wrapper.framework; name = NetworkExtension.framework; path = System/Library/Frameworks/NetworkExtension.framework; sourceTree = SDKROOT; };
		8772F2401FE2198400839331 /* SystemConfiguration.framework */ = {isa = PBXFileReference; lastKnownFileType = wrapper.framework; name = SystemConfiguration.framework; path = System/Library/Frameworks/SystemConfiguration.framework; sourceTree = SDKROOT; };
/* End PBXFileReference section */

/* Begin PBXFrameworksBuildPhase section */
		8772F2051FE2165500839331 /* Frameworks */ = {
			isa = PBXFrameworksBuildPhase;
			buildActionMask = 2147483647;
			files = (
				8772F2411FE2198D00839331 /* SystemConfiguration.framework in Frameworks */,
				8772F23B1FE2190C00839331 /* libresolv.9.tbd in Frameworks */,
				8772F2301FE2167700839331 /* AliyunOSSiOS.framework in Frameworks */,
			);
			runOnlyForDeploymentPostprocessing = 0;
		};
		8772F21D1FE2165500839331 /* Frameworks */ = {
			isa = PBXFrameworksBuildPhase;
			buildActionMask = 2147483647;
			files = (
			);
			runOnlyForDeploymentPostprocessing = 0;
		};
/* End PBXFrameworksBuildPhase section */

/* Begin PBXGroup section */
		8772F1FF1FE2165500839331 = {
			isa = PBXGroup;
			children = (
				8772F20A1FE2165500839331 /* ZOSSFileUploader */,
				8772F2231FE2165500839331 /* ZOSSFileUploaderUITests */,
				8772F2091FE2165500839331 /* Products */,
				8772F2371FE218CA00839331 /* Frameworks */,
			);
			sourceTree = "<group>";
		};
		8772F2091FE2165500839331 /* Products */ = {
			isa = PBXGroup;
			children = (
				8772F2081FE2165500839331 /* ZOSSFileUploader.app */,
				8772F2201FE2165500839331 /* ZOSSFileUploaderUITests.xctest */,
			);
			name = Products;
			sourceTree = "<group>";
		};
		8772F20A1FE2165500839331 /* ZOSSFileUploader */ = {
			isa = PBXGroup;
			children = (
				8772F2351FE217EE00839331 /* image.jpg */,
				8772F2341FE217EA00839331 /* guoxinantai.mp4 */,
				8772F22F1FE2167700839331 /* AliyunOSSiOS.framework */,
				8772F20B1FE2165500839331 /* AppDelegate.h */,
				8772F20C1FE2165500839331 /* AppDelegate.m */,
				8772F20E1FE2165500839331 /* ViewController.h */,
				8772F20F1FE2165500839331 /* ViewController.m */,
				8772F2311FE2177000839331 /* ZOSSFileUploader.h */,
				8772F2321FE2177000839331 /* ZOSSFileUploader.m */,
				8772F2111FE2165500839331 /* Main.storyboard */,
				8772F2141FE2165500839331 /* Assets.xcassets */,
				8772F2161FE2165500839331 /* LaunchScreen.storyboard */,
				8772F2191FE2165500839331 /* Info.plist */,
				8772F21A1FE2165500839331 /* main.m */,
			);
			path = ZOSSFileUploader;
			sourceTree = "<group>";
		};
		8772F2231FE2165500839331 /* ZOSSFileUploaderUITests */ = {
			isa = PBXGroup;
			children = (
				8772F2241FE2165500839331 /* ZOSSFileUploaderUITests.m */,
				8772F2261FE2165500839331 /* Info.plist */,
			);
			path = ZOSSFileUploaderUITests;
			sourceTree = "<group>";
		};
		8772F2371FE218CA00839331 /* Frameworks */ = {
			isa = PBXGroup;
			children = (
				8772F2401FE2198400839331 /* SystemConfiguration.framework */,
				8772F23E1FE2193F00839331 /* NetworkExtension.framework */,
				8772F23C1FE2191C00839331 /* CFNetwork.framework */,
				8772F23A1FE2190300839331 /* libresolv.9.tbd */,
			);
			name = Frameworks;
			sourceTree = "<group>";
		};
/* End PBXGroup section */

/* Begin PBXNativeTarget section */
		8772F2071FE2165500839331 /* ZOSSFileUploader */ = {
			isa = PBXNativeTarget;
			buildConfigurationList = 8772F2291FE2165500839331 /* Build configuration list for PBXNativeTarget "ZOSSFileUploader" */;
			buildPhases = (
				8772F2041FE2165500839331 /* Sources */,
				8772F2051FE2165500839331 /* Frameworks */,
				8772F2061FE2165500839331 /* Resources */,
			);
			buildRules = (
			);
			dependencies = (
			);
			name = ZOSSFileUploader;
			productName = ZOSSFileUploader;
			productReference = 8772F2081FE2165500839331 /* ZOSSFileUploader.app */;
			productType = "com.apple.product-type.application";
		};
		8772F21F1FE2165500839331 /* ZOSSFileUploaderUITests */ = {
			isa = PBXNativeTarget;
			buildConfigurationList = 8772F22C1FE2165500839331 /* Build configuration list for PBXNativeTarget "ZOSSFileUploaderUITests" */;
			buildPhases = (
				8772F21C1FE2165500839331 /* Sources */,
				8772F21D1FE2165500839331 /* Frameworks */,
				8772F21E1FE2165500839331 /* Resources */,
			);
			buildRules = (
			);
			dependencies = (
				8772F2221FE2165500839331 /* PBXTargetDependency */,
			);
			name = ZOSSFileUploaderUITests;
			productName = ZOSSFileUploaderUITests;
			productReference = 8772F2201FE2165500839331 /* ZOSSFileUploaderUITests.xctest */;
			productType = "com.apple.product-type.bundle.ui-testing";
		};
/* End PBXNativeTarget section */

/* Begin PBXProject section */
		8772F2001FE2165500839331 /* Project object */ = {
			isa = PBXProject;
			attributes = {
				LastUpgradeCheck = 0910;
				ORGANIZATIONNAME = zwx;
				TargetAttributes = {
					8772F2071FE2165500839331 = {
						CreatedOnToolsVersion = 9.1;
						ProvisioningStyle = Automatic;
					};
					8772F21F1FE2165500839331 = {
						CreatedOnToolsVersion = 9.1;
						ProvisioningStyle = Automatic;
						TestTargetID = 8772F2071FE2165500839331;
					};
				};
			};
			buildConfigurationList = 8772F2031FE2165500839331 /* Build configuration list for PBXProject "ZOSSFileUploader" */;
			compatibilityVersion = "Xcode 8.0";
			developmentRegion = en;
			hasScannedForEncodings = 0;
			knownRegions = (
				en,
				Base,
			);
			mainGroup = 8772F1FF1FE2165500839331;
			productRefGroup = 8772F2091FE2165500839331 /* Products */;
			projectDirPath = "";
			projectRoot = "";
			targets = (
				8772F2071FE2165500839331 /* ZOSSFileUploader */,
				8772F21F1FE2165500839331 /* ZOSSFileUploaderUITests */,
			);
		};
/* End PBXProject section */

/* Begin PBXResourcesBuildPhase section */
		8772F2061FE2165500839331 /* Resources */ = {
			isa = PBXResourcesBuildPhase;
			buildActionMask = 2147483647;
			files = (
				8772F2181FE2165500839331 /* LaunchScreen.storyboard in Resources */,
				8772F2421FE21AA100839331 /* guoxinantai.mp4 in Resources */,
				8772F2151FE2165500839331 /* Assets.xcassets in Resources */,
				8772F2131FE2165500839331 /* Main.storyboard in Resources */,
				8772F2361FE217EE00839331 /* image.jpg in Resources */,
			);
			runOnlyForDeploymentPostprocessing = 0;
		};
		8772F21E1FE2165500839331 /* Resources */ = {
			isa = PBXResourcesBuildPhase;
			buildActionMask = 2147483647;
			files = (
			);
			runOnlyForDeploymentPostprocessing = 0;
		};
/* End PBXResourcesBuildPhase section */

/* Begin PBXSourcesBuildPhase section */
		8772F2041FE2165500839331 /* Sources */ = {
			isa = PBXSourcesBuildPhase;
			buildActionMask = 2147483647;
			files = (
				8772F2331FE2177000839331 /* ZOSSFileUploader.m in Sources */,
				8772F2101FE2165500839331 /* ViewController.m in Sources */,
				8772F21B1FE2165500839331 /* main.m in Sources */,
				8772F20D1FE2165500839331 /* AppDelegate.m in Sources */,
			);
			runOnlyForDeploymentPostprocessing = 0;
		};
		8772F21C1FE2165500839331 /* Sources */ = {
			isa = PBXSourcesBuildPhase;
			buildActionMask = 2147483647;
			files = (
				8772F2251FE2165500839331 /* ZOSSFileUploaderUITests.m in Sources */,
			);
			runOnlyForDeploymentPostprocessing = 0;
		};
/* End PBXSourcesBuildPhase section */

/* Begin PBXTargetDependency section */
		8772F2221FE2165500839331 /* PBXTargetDependency */ = {
			isa = PBXTargetDependency;
			target = 8772F2071FE2165500839331 /* ZOSSFileUploader */;
			targetProxy = 8772F2211FE2165500839331 /* PBXContainerItemProxy */;
		};
/* End PBXTargetDependency section */

/* Begin PBXVariantGroup section */
		8772F2111FE2165500839331 /* Main.storyboard */ = {
			isa = PBXVariantGroup;
			children = (
				8772F2121FE2165500839331 /* Base */,
			);
			name = Main.storyboard;
			sourceTree = "<group>";
		};
		8772F2161FE2165500839331 /* LaunchScreen.storyboard */ = {
			isa = PBXVariantGroup;
			children = (
				8772F2171FE2165500839331 /* Base */,
			);
			name = LaunchScreen.storyboard;
			sourceTree = "<group>";
		};
/* End PBXVariantGroup section */

/* Begin XCBuildConfiguration section */
		8772F2271FE2165500839331 /* Debug */ = {
			isa = XCBuildConfiguration;
			buildSettings = {
				ALWAYS_SEARCH_USER_PATHS = NO;
				CLANG_ANALYZER_NONNULL = YES;
				CLANG_ANALYZER_NUMBER_OBJECT_CONVERSION = YES_AGGRESSIVE;
				CLANG_CXX_LANGUAGE_STANDARD = "gnu++14";
				CLANG_CXX_LIBRARY = "libc++";
				CLANG_ENABLE_MODULES = YES;
				CLANG_ENABLE_OBJC_ARC = YES;
				CLANG_WARN_BLOCK_CAPTURE_AUTORELEASING = YES;
				CLANG_WARN_BOOL_CONVERSION = YES;
				CLANG_WARN_COMMA = YES;
				CLANG_WARN_CONSTANT_CONVERSION = YES;
				CLANG_WARN_DIRECT_OBJC_ISA_USAGE = YES_ERROR;
				CLANG_WARN_DOCUMENTATION_COMMENTS = YES;
				CLANG_WARN_EMPTY_BODY = YES;
				CLANG_WARN_ENUM_CONVERSION = YES;
				CLANG_WARN_INFINITE_RECURSION = YES;
				CLANG_WARN_INT_CONVERSION = YES;
				CLANG_WARN_NON_LITERAL_NULL_CONVERSION = YES;
				CLANG_WARN_OBJC_LITERAL_CONVERSION = YES;
				CLANG_WARN_OBJC_ROOT_CLASS = YES_ERROR;
				CLANG_WARN_RANGE_LOOP_ANALYSIS = YES;
				CLANG_WARN_STRICT_PROTOTYPES = YES;
				CLANG_WARN_SUSPICIOUS_MOVE = YES;
				CLANG_WARN_UNGUARDED_AVAILABILITY = YES_AGGRESSIVE;
				CLANG_WARN_UNREACHABLE_CODE = YES;
				CLANG_WARN__DUPLICATE_METHOD_MATCH = YES;
				CODE_SIGN_IDENTITY = "iPhone Developer";
				COPY_PHASE_STRIP = NO;
				DEBUG_INFORMATION_FORMAT = dwarf;
				ENABLE_STRICT_OBJC_MSGSEND = YES;
				ENABLE_TESTABILITY = YES;
				GCC_C_LANGUAGE_STANDARD = gnu11;
				GCC_DYNAMIC_NO_PIC = NO;
				GCC_NO_COMMON_BLOCKS = YES;
				GCC_OPTIMIZATION_LEVEL = 0;
				GCC_PREPROCESSOR_DEFINITIONS = (
					"DEBUG=1",
					"$(inherited)",
				);
				GCC_WARN_64_TO_32_BIT_CONVERSION = YES;
				GCC_WARN_ABOUT_RETURN_TYPE = YES_ERROR;
				GCC_WARN_UNDECLARED_SELECTOR = YES;
				GCC_WARN_UNINITIALIZED_AUTOS = YES_AGGRESSIVE;
				GCC_WARN_UNUSED_FUNCTION = YES;
				GCC_WARN_UNUSED_VARIABLE = YES;
				IPHONEOS_DEPLOYMENT_TARGET = 11.1;
				MTL_ENABLE_DEBUG_INFO = YES;
				ONLY_ACTIVE_ARCH = YES;
				SDKROOT = iphoneos;
			};
			name = Debug;
		};
		8772F2281FE2165500839331 /* Release */ = {
			isa = XCBuildConfiguration;
			buildSettings = {
				ALWAYS_SEARCH_USER_PATHS = NO;
				CLANG_ANALYZER_NONNULL = YES;
				CLANG_ANALYZER_NUMBER_OBJECT_CONVERSION = YES_AGGRESSIVE;
				CLANG_CXX_LANGUAGE_STANDARD = "gnu++14";
				CLANG_CXX_LIBRARY = "libc++";
				CLANG_ENABLE_MODULES = YES;
				CLANG_ENABLE_OBJC_ARC = YES;
				CLANG_WARN_BLOCK_CAPTURE_AUTORELEASING = YES;
				CLANG_WARN_BOOL_CONVERSION = YES;
				CLANG_WARN_COMMA = YES;
				CLANG_WARN_CONSTANT_CONVERSION = YES;
				CLANG_WARN_DIRECT_OBJC_ISA_USAGE = YES_ERROR;
				CLANG_WARN_DOCUMENTATION_COMMENTS = YES;
				CLANG_WARN_EMPTY_BODY = YES;
				CLANG_WARN_ENUM_CONVERSION = YES;
				CLANG_WARN_INFINITE_RECURSION = YES;
				CLANG_WARN_INT_CONVERSION = YES;
				CLANG_WARN_NON_LITERAL_NULL_CONVERSION = YES;
				CLANG_WARN_OBJC_LITERAL_CONVERSION = YES;
				CLANG_WARN_OBJC_ROOT_CLASS = YES_ERROR;
				CLANG_WARN_RANGE_LOOP_ANALYSIS = YES;
				CLANG_WARN_STRICT_PROTOTYPES = YES;
				CLANG_WARN_SUSPICIOUS_MOVE = YES;
				CLANG_WARN_UNGUARDED_AVAILABILITY = YES_AGGRESSIVE;
				CLANG_WARN_UNREACHABLE_CODE = YES;
				CLANG_WARN__DUPLICATE_METHOD_MATCH = YES;
				CODE_SIGN_IDENTITY = "iPhone Developer";
				COPY_PHASE_STRIP = NO;
				DEBUG_INFORMATION_FORMAT = "dwarf-with-dsym";
				ENABLE_NS_ASSERTIONS = NO;
				ENABLE_STRICT_OBJC_MSGSEND = YES;
				GCC_C_LANGUAGE_STANDARD = gnu11;
				GCC_NO_COMMON_BLOCKS = YES;
				GCC_WARN_64_TO_32_BIT_CONVERSION = YES;
				GCC_WARN_ABOUT_RETURN_TYPE = YES_ERROR;
				GCC_WARN_UNDECLARED_SELECTOR = YES;
				GCC_WARN_UNINITIALIZED_AUTOS = YES_AGGRESSIVE;
				GCC_WARN_UNUSED_FUNCTION = YES;
				GCC_WARN_UNUSED_VARIABLE = YES;
				IPHONEOS_DEPLOYMENT_TARGET = 11.1;
				MTL_ENABLE_DEBUG_INFO = NO;
				SDKROOT = iphoneos;
				VALIDATE_PRODUCT = YES;
			};
			name = Release;
		};
		8772F22A1FE2165500839331 /* Debug */ = {
			isa = XCBuildConfiguration;
			buildSettings = {
				ASSETCATALOG_COMPILER_APPICON_NAME = AppIcon;
				CODE_SIGN_STYLE = Automatic;
				FRAMEWORK_SEARCH_PATHS = (
					"$(inherited)",
					"$(PROJECT_DIR)/ZOSSFileUploader",
				);
				INFOPLIST_FILE = ZOSSFileUploader/Info.plist;
				LD_RUNPATH_SEARCH_PATHS = "$(inherited) @executable_path/Frameworks";
				PRODUCT_BUNDLE_IDENTIFIER = com.zwx.ZOSSFileUploader;
				PRODUCT_NAME = "$(TARGET_NAME)";
				TARGETED_DEVICE_FAMILY = "1,2";
			};
			name = Debug;
		};
		8772F22B1FE2165500839331 /* Release */ = {
			isa = XCBuildConfiguration;
			buildSettings = {
				ASSETCATALOG_COMPILER_APPICON_NAME = AppIcon;
				CODE_SIGN_STYLE = Automatic;
				FRAMEWORK_SEARCH_PATHS = (
					"$(inherited)",
					"$(PROJECT_DIR)/ZOSSFileUploader",
				);
				INFOPLIST_FILE = ZOSSFileUploader/Info.plist;
				LD_RUNPATH_SEARCH_PATHS = "$(inherited) @executable_path/Frameworks";
				PRODUCT_BUNDLE_IDENTIFIER = com.zwx.ZOSSFileUploader;
				PRODUCT_NAME = "$(TARGET_NAME)";
				TARGETED_DEVICE_FAMILY = "1,2";
			};
			name = Release;
		};
		8772F22D1FE2165500839331 /* Debug */ = {
			isa = XCBuildConfiguration;
			buildSettings = {
				CODE_SIGN_STYLE = Automatic;
				INFOPLIST_FILE = ZOSSFileUploaderUITests/Info.plist;
				LD_RUNPATH_SEARCH_PATHS = "$(inherited) @executable_path/Frameworks @loader_path/Frameworks";
				PRODUCT_BUNDLE_IDENTIFIER = com.zwx.ZOSSFileUploaderUITests;
				PRODUCT_NAME = "$(TARGET_NAME)";
				TARGETED_DEVICE_FAMILY = "1,2";
				TEST_TARGET_NAME = ZOSSFileUploader;
			};
			name = Debug;
		};
		8772F22E1FE2165500839331 /* Release */ = {
			isa = XCBuildConfiguration;
			buildSettings = {
				CODE_SIGN_STYLE = Automatic;
				INFOPLIST_FILE = ZOSSFileUploaderUITests/Info.plist;
				LD_RUNPATH_SEARCH_PATHS = "$(inherited) @executable_path/Frameworks @loader_path/Frameworks";
				PRODUCT_BUNDLE_IDENTIFIER = com.zwx.ZOSSFileUploaderUITests;
				PRODUCT_NAME = "$(TARGET_NAME)";
				TARGETED_DEVICE_FAMILY = "1,2";
				TEST_TARGET_NAME = ZOSSFileUploader;
			};
			name = Release;
		};
/* End XCBuildConfiguration section */

/* Begin XCConfigurationList section */
		8772F2031FE2165500839331 /* Build configuration list for PBXProject "ZOSSFileUploader" */ = {
			isa = XCConfigurationList;
			buildConfigurations = (
				8772F2271FE2165500839331 /* Debug */,
				8772F2281FE2165500839331 /* Release */,
			);
			defaultConfigurationIsVisible = 0;
			defaultConfigurationName = Release;
		};
		8772F2291FE2165500839331 /* Build configuration list for PBXNativeTarget "ZOSSFileUploader" */ = {
			isa = XCConfigurationList;
			buildConfigurations = (
				8772F22A1FE2165500839331 /* Debug */,
				8772F22B1FE2165500839331 /* Release */,
			);
			defaultConfigurationIsVisible = 0;
			defaultConfigurationName = Release;
		};
		8772F22C1FE2165500839331 /* Build configuration list for PBXNativeTarget "ZOSSFileUploaderUITests" */ = {
			isa = XCConfigurationList;
			buildConfigurations = (
				8772F22D1FE2165500839331 /* Debug */,
				8772F22E1FE2165500839331 /* Release */,
			);
			defaultConfigurationIsVisible = 0;
			defaultConfigurationName = Release;
		};
/* End XCConfigurationList section */
	};
	rootObject = 8772F2001FE2165500839331 /* Project object */;
}
